
Microsoft Visual Studio Solution File, Format Version 12.00
# Visual Studio Version 17
VisualStudioVersion = 17.0.32014.148
MinimumVisualStudioVersion = 10.0.40219.1
Project("{FAE04EC0-301F-11D3-BF4B-00C04F79EFBC}") = "Chirpy", "Chirpy\Chirpy.csproj", "{B341E6C5-A3FB-4662-97A0-52BCB4560801}"
EndProject
Global
	GlobalSection(SolutionConfigurationPlatforms) = preSolution
		Debug|Any CPU = Debug|Any CPU
		Release|Any CPU = Release|Any CPU
	EndGlobalSection
	GlobalSection(ProjectConfigurationPlatforms) = postSolution
		{B341E6C5-A3FB-4662-97A0-52BCB4560801}.Debug|Any CPU.ActiveCfg = Debug|Any CPU
		{B341E6C5-A3FB-4662-97A0-52BCB4560801}.Debug|Any CPU.Build.0 = Debug|Any CPU
		{B341E6C5-A3FB-4662-97A0-52BCB4560801}.Release|Any CPU.ActiveCfg = Release|Any CPU
		{B341E6C5-A3FB-4662-97A0-52BCB4560801}.Release|Any CPU.Build.0 = Release|Any CPU
	EndGlobalSection
	GlobalSection(SolutionProperties) = preSolution
		HideSolutionNode = FALSE
	EndGlobalSection
	GlobalSection(ExtensibilityGlobals) = postSolution
		SolutionGuid = {62150B9D-3BFE-4267-B97F-8AB8A19EB0EB}
	EndGlobalSection
EndGlobal
